// !$*UTF8*$!
{
	archiveVersion = 1;
	classes = {
	};
	objectVersion = 46;
	objects = {

/* Begin PBXBuildFile section */
		0B626B2119A92AC7006C81F9 /* EditReportViewController.m in Sources */ = {isa = PBXBuildFile; fileRef = 0B626B2019A92AC7006C81F9 /* EditReportViewController.m */; };
		0BB956E619A90ED1003478D0 /* LoginViewController.m in Sources */ = {isa = PBXBuildFile; fileRef = 0BB956E519A90ED1003478D0 /* LoginViewController.m */; };
		0BB956E919A90EEE003478D0 /* SignupViewController.m in Sources */ = {isa = PBXBuildFile; fileRef = 0BB956E819A90EEE003478D0 /* SignupViewController.m */; };
		0BB956EB19A9116B003478D0 /* Parse.framework in Frameworks */ = {isa = PBXBuildFile; fileRef = 0BB956EA19A9116B003478D0 /* Parse.framework */; };
		0BF0DCD119A9453E00B2893A /* GraphViewController.m in Sources */ = {isa = PBXBuildFile; fileRef = 0BF0DCD019A9453E00B2893A /* GraphViewController.m */; };
		0BF0DD2419A9521D00B2893A /* OpenGLES.framework in Frameworks */ = {isa = PBXBuildFile; fileRef = 0BF0DD2319A9521D00B2893A /* OpenGLES.framework */; };
		0BF0DD2619A9522400B2893A /* CoreText.framework in Frameworks */ = {isa = PBXBuildFile; fileRef = 0BF0DD2519A9522400B2893A /* CoreText.framework */; };
		0BF0DD2819A9522F00B2893A /* libc++.dylib in Frameworks */ = {isa = PBXBuildFile; fileRef = 0BF0DD2719A9522F00B2893A /* libc++.dylib */; };
		0BF0DD2A19A9559800B2893A /* ShinobiCharts.framework in Frameworks */ = {isa = PBXBuildFile; fileRef = 0BF0DD2919A9559800B2893A /* ShinobiCharts.framework */; };
		0BF1BE4019A8E5FD000ABA27 /* Foundation.framework in Frameworks */ = {isa = PBXBuildFile; fileRef = 0BF1BE3F19A8E5FD000ABA27 /* Foundation.framework */; };
		0BF1BE4219A8E5FD000ABA27 /* CoreGraphics.framework in Frameworks */ = {isa = PBXBuildFile; fileRef = 0BF1BE4119A8E5FD000ABA27 /* CoreGraphics.framework */; };
		0BF1BE4419A8E5FD000ABA27 /* UIKit.framework in Frameworks */ = {isa = PBXBuildFile; fileRef = 0BF1BE4319A8E5FD000ABA27 /* UIKit.framework */; };
		0BF1BE4A19A8E5FE000ABA27 /* InfoPlist.strings in Resources */ = {isa = PBXBuildFile; fileRef = 0BF1BE4819A8E5FE000ABA27 /* InfoPlist.strings */; };
		0BF1BE4C19A8E5FE000ABA27 /* main.m in Sources */ = {isa = PBXBuildFile; fileRef = 0BF1BE4B19A8E5FE000ABA27 /* main.m */; };
		0BF1BE5019A8E5FE000ABA27 /* AppDelegate.m in Sources */ = {isa = PBXBuildFile; fileRef = 0BF1BE4F19A8E5FE000ABA27 /* AppDelegate.m */; };
		0BF1BE5319A8E5FE000ABA27 /* Main.storyboard in Resources */ = {isa = PBXBuildFile; fileRef = 0BF1BE5119A8E5FE000ABA27 /* Main.storyboard */; };
		0BF1BE5619A8E5FE000ABA27 /* ViewController.m in Sources */ = {isa = PBXBuildFile; fileRef = 0BF1BE5519A8E5FE000ABA27 /* ViewController.m */; };
		0BF1BE5819A8E5FE000ABA27 /* Images.xcassets in Resources */ = {isa = PBXBuildFile; fileRef = 0BF1BE5719A8E5FE000ABA27 /* Images.xcassets */; };
		0BF1BE5F19A8E5FE000ABA27 /* XCTest.framework in Frameworks */ = {isa = PBXBuildFile; fileRef = 0BF1BE5E19A8E5FE000ABA27 /* XCTest.framework */; };
		0BF1BE6019A8E5FE000ABA27 /* Foundation.framework in Frameworks */ = {isa = PBXBuildFile; fileRef = 0BF1BE3F19A8E5FD000ABA27 /* Foundation.framework */; };
		0BF1BE6119A8E5FE000ABA27 /* UIKit.framework in Frameworks */ = {isa = PBXBuildFile; fileRef = 0BF1BE4319A8E5FD000ABA27 /* UIKit.framework */; };
		0BF1BE6919A8E5FE000ABA27 /* InfoPlist.strings in Resources */ = {isa = PBXBuildFile; fileRef = 0BF1BE6719A8E5FE000ABA27 /* InfoPlist.strings */; };
		0BF1BE6B19A8E5FE000ABA27 /* GreenDoorTests.m in Sources */ = {isa = PBXBuildFile; fileRef = 0BF1BE6A19A8E5FE000ABA27 /* GreenDoorTests.m */; };
		0BF1BE7519A8E61C000ABA27 /* AudioToolbox.framework in Frameworks */ = {isa = PBXBuildFile; fileRef = 0BF1BE7419A8E61C000ABA27 /* AudioToolbox.framework */; };
		0BF1BE7719A8E621000ABA27 /* CFNetwork.framework in Frameworks */ = {isa = PBXBuildFile; fileRef = 0BF1BE7619A8E621000ABA27 /* CFNetwork.framework */; };
		0BF1BE7919A8E626000ABA27 /* libz.dylib in Frameworks */ = {isa = PBXBuildFile; fileRef = 0BF1BE7819A8E626000ABA27 /* libz.dylib */; };
		0BF1BE7B19A8E62D000ABA27 /* MobileCoreServices.framework in Frameworks */ = {isa = PBXBuildFile; fileRef = 0BF1BE7A19A8E62D000ABA27 /* MobileCoreServices.framework */; };
		0BF1BE7D19A8E632000ABA27 /* QuartzCore.framework in Frameworks */ = {isa = PBXBuildFile; fileRef = 0BF1BE7C19A8E632000ABA27 /* QuartzCore.framework */; };
		0BF1BE7F19A8E639000ABA27 /* Security.framework in Frameworks */ = {isa = PBXBuildFile; fileRef = 0BF1BE7E19A8E639000ABA27 /* Security.framework */; };
		0BF1BE8119A8E640000ABA27 /* StoreKit.framework in Frameworks */ = {isa = PBXBuildFile; fileRef = 0BF1BE8019A8E640000ABA27 /* StoreKit.framework */; };
		0BF1BE8319A8E648000ABA27 /* SystemConfiguration.framework in Frameworks */ = {isa = PBXBuildFile; fileRef = 0BF1BE8219A8E648000ABA27 /* SystemConfiguration.framework */; };
		0BF1BE8519A8E64E000ABA27 /* Social.framework in Frameworks */ = {isa = PBXBuildFile; fileRef = 0BF1BE8419A8E64E000ABA27 /* Social.framework */; };
		0BF1BE8719A8E653000ABA27 /* AdSupport.framework in Frameworks */ = {isa = PBXBuildFile; fileRef = 0BF1BE8619A8E653000ABA27 /* AdSupport.framework */; };
		0BF1BE8919A8E659000ABA27 /* Accounts.framework in Frameworks */ = {isa = PBXBuildFile; fileRef = 0BF1BE8819A8E659000ABA27 /* Accounts.framework */; };
		4285944119A914C800F7C74F /* PDTSimpleCalendarViewCell.m in Sources */ = {isa = PBXBuildFile; fileRef = 4285943A19A914C800F7C74F /* PDTSimpleCalendarViewCell.m */; };
		4285944219A914C800F7C74F /* PDTSimpleCalendarViewController.m in Sources */ = {isa = PBXBuildFile; fileRef = 4285943C19A914C800F7C74F /* PDTSimpleCalendarViewController.m */; };
		4285944319A914C800F7C74F /* PDTSimpleCalendarViewFlowLayout.m in Sources */ = {isa = PBXBuildFile; fileRef = 4285943E19A914C800F7C74F /* PDTSimpleCalendarViewFlowLayout.m */; };
		4285944419A914C800F7C74F /* PDTSimpleCalendarViewHeader.m in Sources */ = {isa = PBXBuildFile; fileRef = 4285944019A914C800F7C74F /* PDTSimpleCalendarViewHeader.m */; };
		4285944719A9196600F7C74F /* TheCalendarViewController.m in Sources */ = {isa = PBXBuildFile; fileRef = 4285944619A9196600F7C74F /* TheCalendarViewController.m */; };
		4285944A19A93B3500F7C74F /* MapViewController.m in Sources */ = {isa = PBXBuildFile; fileRef = 4285944919A93B3500F7C74F /* MapViewController.m */; };
		4285944D19A93B9600F7C74F /* BankViewController.m in Sources */ = {isa = PBXBuildFile; fileRef = 4285944C19A93B9600F7C74F /* BankViewController.m */; };
		4285944F19A93C7100F7C74F /* MapKit.framework in Frameworks */ = {isa = PBXBuildFile; fileRef = 4285944E19A93C7100F7C74F /* MapKit.framework */; };
		4285945219A9844500F7C74F /* CEPViewController.m in Sources */ = {isa = PBXBuildFile; fileRef = 4285945119A9844500F7C74F /* CEPViewController.m */; };
		E486168819A8FDBE008F08EC /* NewsFeedViewController.m in Sources */ = {isa = PBXBuildFile; fileRef = E486168719A8FDBE008F08EC /* NewsFeedViewController.m */; };
		E486168B19A8FE11008F08EC /* CalenderViewController.m in Sources */ = {isa = PBXBuildFile; fileRef = E486168A19A8FE11008F08EC /* CalenderViewController.m */; };
		E486168E19A9032D008F08EC /* AddViewController.m in Sources */ = {isa = PBXBuildFile; fileRef = E486168D19A9032D008F08EC /* AddViewController.m */; };
/* End PBXBuildFile section */

/* Begin PBXContainerItemProxy section */
		0BF1BE6219A8E5FE000ABA27 /* PBXContainerItemProxy */ = {
			isa = PBXContainerItemProxy;
			containerPortal = 0BF1BE3419A8E5FD000ABA27 /* Project object */;
			proxyType = 1;
			remoteGlobalIDString = 0BF1BE3B19A8E5FD000ABA27;
			remoteInfo = GreenDoor;
		};
/* End PBXContainerItemProxy section */

/* Begin PBXFileReference section */
		0B626B1F19A92AC7006C81F9 /* EditReportViewController.h */ = {isa = PBXFileReference; fileEncoding = 4; lastKnownFileType = sourcecode.c.h; path = EditReportViewController.h; sourceTree = "<group>"; };
		0B626B2019A92AC7006C81F9 /* EditReportViewController.m */ = {isa = PBXFileReference; fileEncoding = 4; lastKnownFileType = sourcecode.c.objc; path = EditReportViewController.m; sourceTree = "<group>"; };
		0BB956E419A90ED1003478D0 /* LoginViewController.h */ = {isa = PBXFileReference; fileEncoding = 4; lastKnownFileType = sourcecode.c.h; name = LoginViewController.h; path = ../LoginViewController.h; sourceTree = "<group>"; };
		0BB956E519A90ED1003478D0 /* LoginViewController.m */ = {isa = PBXFileReference; fileEncoding = 4; lastKnownFileType = sourcecode.c.objc; name = LoginViewController.m; path = ../LoginViewController.m; sourceTree = "<group>"; };
		0BB956E719A90EEE003478D0 /* SignupViewController.h */ = {isa = PBXFileReference; fileEncoding = 4; lastKnownFileType = sourcecode.c.h; path = SignupViewController.h; sourceTree = "<group>"; };
		0BB956E819A90EEE003478D0 /* SignupViewController.m */ = {isa = PBXFileReference; fileEncoding = 4; lastKnownFileType = sourcecode.c.objc; path = SignupViewController.m; sourceTree = "<group>"; };
		0BB956EA19A9116B003478D0 /* Parse.framework */ = {isa = PBXFileReference; lastKnownFileType = wrapper.framework; path = Parse.framework; sourceTree = "<group>"; };
		0BF0DCCF19A9453E00B2893A /* GraphViewController.h */ = {isa = PBXFileReference; fileEncoding = 4; lastKnownFileType = sourcecode.c.h; path = GraphViewController.h; sourceTree = "<group>"; };
		0BF0DCD019A9453E00B2893A /* GraphViewController.m */ = {isa = PBXFileReference; fileEncoding = 4; lastKnownFileType = sourcecode.c.objc; path = GraphViewController.m; sourceTree = "<group>"; };
		0BF0DD2319A9521D00B2893A /* OpenGLES.framework */ = {isa = PBXFileReference; lastKnownFileType = wrapper.framework; name = OpenGLES.framework; path = System/Library/Frameworks/OpenGLES.framework; sourceTree = SDKROOT; };
		0BF0DD2519A9522400B2893A /* CoreText.framework */ = {isa = PBXFileReference; lastKnownFileType = wrapper.framework; name = CoreText.framework; path = System/Library/Frameworks/CoreText.framework; sourceTree = SDKROOT; };
		0BF0DD2719A9522F00B2893A /* libc++.dylib */ = {isa = PBXFileReference; lastKnownFileType = "compiled.mach-o.dylib"; name = "libc++.dylib"; path = "usr/lib/libc++.dylib"; sourceTree = SDKROOT; };
		0BF0DD2919A9559800B2893A /* ShinobiCharts.framework */ = {isa = PBXFileReference; lastKnownFileType = wrapper.framework; path = ShinobiCharts.framework; sourceTree = "<group>"; };
		0BF1BE3C19A8E5FD000ABA27 /* GreenDoor.app */ = {isa = PBXFileReference; explicitFileType = wrapper.application; includeInIndex = 0; path = GreenDoor.app; sourceTree = BUILT_PRODUCTS_DIR; };
		0BF1BE3F19A8E5FD000ABA27 /* Foundation.framework */ = {isa = PBXFileReference; lastKnownFileType = wrapper.framework; name = Foundation.framework; path = System/Library/Frameworks/Foundation.framework; sourceTree = SDKROOT; };
		0BF1BE4119A8E5FD000ABA27 /* CoreGraphics.framework */ = {isa = PBXFileReference; lastKnownFileType = wrapper.framework; name = CoreGraphics.framework; path = System/Library/Frameworks/CoreGraphics.framework; sourceTree = SDKROOT; };
		0BF1BE4319A8E5FD000ABA27 /* UIKit.framework */ = {isa = PBXFileReference; lastKnownFileType = wrapper.framework; name = UIKit.framework; path = System/Library/Frameworks/UIKit.framework; sourceTree = SDKROOT; };
		0BF1BE4719A8E5FE000ABA27 /* GreenDoor-Info.plist */ = {isa = PBXFileReference; lastKnownFileType = text.plist.xml; path = "GreenDoor-Info.plist"; sourceTree = "<group>"; };
		0BF1BE4919A8E5FE000ABA27 /* en */ = {isa = PBXFileReference; lastKnownFileType = text.plist.strings; name = en; path = en.lproj/InfoPlist.strings; sourceTree = "<group>"; };
		0BF1BE4B19A8E5FE000ABA27 /* main.m */ = {isa = PBXFileReference; lastKnownFileType = sourcecode.c.objc; path = main.m; sourceTree = "<group>"; };
		0BF1BE4D19A8E5FE000ABA27 /* GreenDoor-Prefix.pch */ = {isa = PBXFileReference; lastKnownFileType = sourcecode.c.h; path = "GreenDoor-Prefix.pch"; sourceTree = "<group>"; };
		0BF1BE4E19A8E5FE000ABA27 /* AppDelegate.h */ = {isa = PBXFileReference; lastKnownFileType = sourcecode.c.h; path = AppDelegate.h; sourceTree = "<group>"; };
		0BF1BE4F19A8E5FE000ABA27 /* AppDelegate.m */ = {isa = PBXFileReference; lastKnownFileType = sourcecode.c.objc; path = AppDelegate.m; sourceTree = "<group>"; };
		0BF1BE5219A8E5FE000ABA27 /* Base */ = {isa = PBXFileReference; lastKnownFileType = file.storyboard; name = Base; path = Base.lproj/Main.storyboard; sourceTree = "<group>"; };
		0BF1BE5419A8E5FE000ABA27 /* ViewController.h */ = {isa = PBXFileReference; lastKnownFileType = sourcecode.c.h; path = ViewController.h; sourceTree = "<group>"; };
		0BF1BE5519A8E5FE000ABA27 /* ViewController.m */ = {isa = PBXFileReference; lastKnownFileType = sourcecode.c.objc; path = ViewController.m; sourceTree = "<group>"; };
		0BF1BE5719A8E5FE000ABA27 /* Images.xcassets */ = {isa = PBXFileReference; lastKnownFileType = folder.assetcatalog; path = Images.xcassets; sourceTree = "<group>"; };
		0BF1BE5D19A8E5FE000ABA27 /* GreenDoorTests.xctest */ = {isa = PBXFileReference; explicitFileType = wrapper.cfbundle; includeInIndex = 0; path = GreenDoorTests.xctest; sourceTree = BUILT_PRODUCTS_DIR; };
		0BF1BE5E19A8E5FE000ABA27 /* XCTest.framework */ = {isa = PBXFileReference; lastKnownFileType = wrapper.framework; name = XCTest.framework; path = Library/Frameworks/XCTest.framework; sourceTree = DEVELOPER_DIR; };
		0BF1BE6619A8E5FE000ABA27 /* GreenDoorTests-Info.plist */ = {isa = PBXFileReference; lastKnownFileType = text.plist.xml; path = "GreenDoorTests-Info.plist"; sourceTree = "<group>"; };
		0BF1BE6819A8E5FE000ABA27 /* en */ = {isa = PBXFileReference; lastKnownFileType = text.plist.strings; name = en; path = en.lproj/InfoPlist.strings; sourceTree = "<group>"; };
		0BF1BE6A19A8E5FE000ABA27 /* GreenDoorTests.m */ = {isa = PBXFileReference; lastKnownFileType = sourcecode.c.objc; path = GreenDoorTests.m; sourceTree = "<group>"; };
		0BF1BE7419A8E61C000ABA27 /* AudioToolbox.framework */ = {isa = PBXFileReference; lastKnownFileType = wrapper.framework; name = AudioToolbox.framework; path = System/Library/Frameworks/AudioToolbox.framework; sourceTree = SDKROOT; };
		0BF1BE7619A8E621000ABA27 /* CFNetwork.framework */ = {isa = PBXFileReference; lastKnownFileType = wrapper.framework; name = CFNetwork.framework; path = System/Library/Frameworks/CFNetwork.framework; sourceTree = SDKROOT; };
		0BF1BE7819A8E626000ABA27 /* libz.dylib */ = {isa = PBXFileReference; lastKnownFileType = "compiled.mach-o.dylib"; name = libz.dylib; path = usr/lib/libz.dylib; sourceTree = SDKROOT; };
		0BF1BE7A19A8E62D000ABA27 /* MobileCoreServices.framework */ = {isa = PBXFileReference; lastKnownFileType = wrapper.framework; name = MobileCoreServices.framework; path = System/Library/Frameworks/MobileCoreServices.framework; sourceTree = SDKROOT; };
		0BF1BE7C19A8E632000ABA27 /* QuartzCore.framework */ = {isa = PBXFileReference; lastKnownFileType = wrapper.framework; name = QuartzCore.framework; path = System/Library/Frameworks/QuartzCore.framework; sourceTree = SDKROOT; };
		0BF1BE7E19A8E639000ABA27 /* Security.framework */ = {isa = PBXFileReference; lastKnownFileType = wrapper.framework; name = Security.framework; path = System/Library/Frameworks/Security.framework; sourceTree = SDKROOT; };
		0BF1BE8019A8E640000ABA27 /* StoreKit.framework */ = {isa = PBXFileReference; lastKnownFileType = wrapper.framework; name = StoreKit.framework; path = System/Library/Frameworks/StoreKit.framework; sourceTree = SDKROOT; };
		0BF1BE8219A8E648000ABA27 /* SystemConfiguration.framework */ = {isa = PBXFileReference; lastKnownFileType = wrapper.framework; name = SystemConfiguration.framework; path = System/Library/Frameworks/SystemConfiguration.framework; sourceTree = SDKROOT; };
		0BF1BE8419A8E64E000ABA27 /* Social.framework */ = {isa = PBXFileReference; lastKnownFileType = wrapper.framework; name = Social.framework; path = System/Library/Frameworks/Social.framework; sourceTree = SDKROOT; };
		0BF1BE8619A8E653000ABA27 /* AdSupport.framework */ = {isa = PBXFileReference; lastKnownFileType = wrapper.framework; name = AdSupport.framework; path = System/Library/Frameworks/AdSupport.framework; sourceTree = SDKROOT; };
		0BF1BE8819A8E659000ABA27 /* Accounts.framework */ = {isa = PBXFileReference; lastKnownFileType = wrapper.framework; name = Accounts.framework; path = System/Library/Frameworks/Accounts.framework; sourceTree = SDKROOT; };
		4285943819A914C800F7C74F /* PDTSimpleCalendar.h */ = {isa = PBXFileReference; fileEncoding = 4; lastKnownFileType = sourcecode.c.h; path = PDTSimpleCalendar.h; sourceTree = "<group>"; };
		4285943919A914C800F7C74F /* PDTSimpleCalendarViewCell.h */ = {isa = PBXFileReference; fileEncoding = 4; lastKnownFileType = sourcecode.c.h; path = PDTSimpleCalendarViewCell.h; sourceTree = "<group>"; };
		4285943A19A914C800F7C74F /* PDTSimpleCalendarViewCell.m */ = {isa = PBXFileReference; fileEncoding = 4; lastKnownFileType = sourcecode.c.objc; path = PDTSimpleCalendarViewCell.m; sourceTree = "<group>"; };
		4285943B19A914C800F7C74F /* PDTSimpleCalendarViewController.h */ = {isa = PBXFileReference; fileEncoding = 4; lastKnownFileType = sourcecode.c.h; path = PDTSimpleCalendarViewController.h; sourceTree = "<group>"; };
		4285943C19A914C800F7C74F /* PDTSimpleCalendarViewController.m */ = {isa = PBXFileReference; fileEncoding = 4; lastKnownFileType = sourcecode.c.objc; path = PDTSimpleCalendarViewController.m; sourceTree = "<group>"; };
		4285943D19A914C800F7C74F /* PDTSimpleCalendarViewFlowLayout.h */ = {isa = PBXFileReference; fileEncoding = 4; lastKnownFileType = sourcecode.c.h; path = PDTSimpleCalendarViewFlowLayout.h; sourceTree = "<group>"; };
		4285943E19A914C800F7C74F /* PDTSimpleCalendarViewFlowLayout.m */ = {isa = PBXFileReference; fileEncoding = 4; lastKnownFileType = sourcecode.c.objc; path = PDTSimpleCalendarViewFlowLayout.m; sourceTree = "<group>"; };
		4285943F19A914C800F7C74F /* PDTSimpleCalendarViewHeader.h */ = {isa = PBXFileReference; fileEncoding = 4; lastKnownFileType = sourcecode.c.h; path = PDTSimpleCalendarViewHeader.h; sourceTree = "<group>"; };
		4285944019A914C800F7C74F /* PDTSimpleCalendarViewHeader.m */ = {isa = PBXFileReference; fileEncoding = 4; lastKnownFileType = sourcecode.c.objc; path = PDTSimpleCalendarViewHeader.m; sourceTree = "<group>"; };
		4285944519A9196600F7C74F /* TheCalendarViewController.h */ = {isa = PBXFileReference; fileEncoding = 4; lastKnownFileType = sourcecode.c.h; path = TheCalendarViewController.h; sourceTree = "<group>"; };
		4285944619A9196600F7C74F /* TheCalendarViewController.m */ = {isa = PBXFileReference; fileEncoding = 4; lastKnownFileType = sourcecode.c.objc; path = TheCalendarViewController.m; sourceTree = "<group>"; };
		4285944819A93B3500F7C74F /* MapViewController.h */ = {isa = PBXFileReference; fileEncoding = 4; lastKnownFileType = sourcecode.c.h; path = MapViewController.h; sourceTree = "<group>"; };
		4285944919A93B3500F7C74F /* MapViewController.m */ = {isa = PBXFileReference; fileEncoding = 4; lastKnownFileType = sourcecode.c.objc; path = MapViewController.m; sourceTree = "<group>"; };
		4285944B19A93B9600F7C74F /* BankViewController.h */ = {isa = PBXFileReference; fileEncoding = 4; lastKnownFileType = sourcecode.c.h; path = BankViewController.h; sourceTree = "<group>"; };
		4285944C19A93B9600F7C74F /* BankViewController.m */ = {isa = PBXFileReference; fileEncoding = 4; lastKnownFileType = sourcecode.c.objc; path = BankViewController.m; sourceTree = "<group>"; };
		4285944E19A93C7100F7C74F /* MapKit.framework */ = {isa = PBXFileReference; lastKnownFileType = wrapper.framework; name = MapKit.framework; path = System/Library/Frameworks/MapKit.framework; sourceTree = SDKROOT; };
		4285945019A9844500F7C74F /* CEPViewController.h */ = {isa = PBXFileReference; fileEncoding = 4; lastKnownFileType = sourcecode.c.h; path = CEPViewController.h; sourceTree = "<group>"; };
		4285945119A9844500F7C74F /* CEPViewController.m */ = {isa = PBXFileReference; fileEncoding = 4; lastKnownFileType = sourcecode.c.objc; path = CEPViewController.m; sourceTree = "<group>"; };
		E486168619A8FDBE008F08EC /* NewsFeedViewController.h */ = {isa = PBXFileReference; fileEncoding = 4; lastKnownFileType = sourcecode.c.h; path = NewsFeedViewController.h; sourceTree = "<group>"; };
		E486168719A8FDBE008F08EC /* NewsFeedViewController.m */ = {isa = PBXFileReference; fileEncoding = 4; lastKnownFileType = sourcecode.c.objc; path = NewsFeedViewController.m; sourceTree = "<group>"; };
		E486168919A8FE11008F08EC /* CalenderViewController.h */ = {isa = PBXFileReference; fileEncoding = 4; lastKnownFileType = sourcecode.c.h; path = CalenderViewController.h; sourceTree = "<group>"; };
		E486168A19A8FE11008F08EC /* CalenderViewController.m */ = {isa = PBXFileReference; fileEncoding = 4; lastKnownFileType = sourcecode.c.objc; path = CalenderViewController.m; sourceTree = "<group>"; };
		E486168C19A9032D008F08EC /* AddViewController.h */ = {isa = PBXFileReference; fileEncoding = 4; lastKnownFileType = sourcecode.c.h; path = AddViewController.h; sourceTree = "<group>"; };
		E486168D19A9032D008F08EC /* AddViewController.m */ = {isa = PBXFileReference; fileEncoding = 4; lastKnownFileType = sourcecode.c.objc; path = AddViewController.m; sourceTree = "<group>"; };
/* End PBXFileReference section */

/* Begin PBXFrameworksBuildPhase section */
		0BF1BE3919A8E5FD000ABA27 /* Frameworks */ = {
			isa = PBXFrameworksBuildPhase;
			buildActionMask = 2147483647;
			files = (
				0BF0DD2819A9522F00B2893A /* libc++.dylib in Frameworks */,
				0BF0DD2619A9522400B2893A /* CoreText.framework in Frameworks */,
				0BF0DD2419A9521D00B2893A /* OpenGLES.framework in Frameworks */,
				4285944F19A93C7100F7C74F /* MapKit.framework in Frameworks */,
				0BF1BE8919A8E659000ABA27 /* Accounts.framework in Frameworks */,
				0BF1BE8719A8E653000ABA27 /* AdSupport.framework in Frameworks */,
				0BF1BE8519A8E64E000ABA27 /* Social.framework in Frameworks */,
				0BF1BE8319A8E648000ABA27 /* SystemConfiguration.framework in Frameworks */,
				0BB956EB19A9116B003478D0 /* Parse.framework in Frameworks */,
				0BF1BE8119A8E640000ABA27 /* StoreKit.framework in Frameworks */,
				0BF1BE7F19A8E639000ABA27 /* Security.framework in Frameworks */,
				0BF1BE7D19A8E632000ABA27 /* QuartzCore.framework in Frameworks */,
				0BF1BE7B19A8E62D000ABA27 /* MobileCoreServices.framework in Frameworks */,
				0BF1BE7919A8E626000ABA27 /* libz.dylib in Frameworks */,
				0BF1BE7719A8E621000ABA27 /* CFNetwork.framework in Frameworks */,
				0BF1BE7519A8E61C000ABA27 /* AudioToolbox.framework in Frameworks */,
				0BF0DD2A19A9559800B2893A /* ShinobiCharts.framework in Frameworks */,
				0BF1BE4219A8E5FD000ABA27 /* CoreGraphics.framework in Frameworks */,
				0BF1BE4419A8E5FD000ABA27 /* UIKit.framework in Frameworks */,
				0BF1BE4019A8E5FD000ABA27 /* Foundation.framework in Frameworks */,
			);
			runOnlyForDeploymentPostprocessing = 0;
		};
		0BF1BE5A19A8E5FE000ABA27 /* Frameworks */ = {
			isa = PBXFrameworksBuildPhase;
			buildActionMask = 2147483647;
			files = (
				0BF1BE5F19A8E5FE000ABA27 /* XCTest.framework in Frameworks */,
				0BF1BE6119A8E5FE000ABA27 /* UIKit.framework in Frameworks */,
				0BF1BE6019A8E5FE000ABA27 /* Foundation.framework in Frameworks */,
			);
			runOnlyForDeploymentPostprocessing = 0;
		};
/* End PBXFrameworksBuildPhase section */

/* Begin PBXGroup section */
		0BF1BE3319A8E5FD000ABA27 = {
			isa = PBXGroup;
			children = (
				0BF1BE4519A8E5FE000ABA27 /* GreenDoor */,
				0BF1BE6419A8E5FE000ABA27 /* GreenDoorTests */,
				0BF1BE3E19A8E5FD000ABA27 /* Frameworks */,
				0BF1BE3D19A8E5FD000ABA27 /* Products */,
			);
			sourceTree = "<group>";
		};
		0BF1BE3D19A8E5FD000ABA27 /* Products */ = {
			isa = PBXGroup;
			children = (
				0BF1BE3C19A8E5FD000ABA27 /* GreenDoor.app */,
				0BF1BE5D19A8E5FE000ABA27 /* GreenDoorTests.xctest */,
			);
			name = Products;
			sourceTree = "<group>";
		};
		0BF1BE3E19A8E5FD000ABA27 /* Frameworks */ = {
			isa = PBXGroup;
			children = (
				0BF0DD2919A9559800B2893A /* ShinobiCharts.framework */,
				0BF0DD2719A9522F00B2893A /* libc++.dylib */,
				0BF0DD2519A9522400B2893A /* CoreText.framework */,
				0BF0DD2319A9521D00B2893A /* OpenGLES.framework */,
				4285944E19A93C7100F7C74F /* MapKit.framework */,
				0BB956EA19A9116B003478D0 /* Parse.framework */,
				0BF1BE8819A8E659000ABA27 /* Accounts.framework */,
				0BF1BE8619A8E653000ABA27 /* AdSupport.framework */,
				0BF1BE8419A8E64E000ABA27 /* Social.framework */,
				0BF1BE8219A8E648000ABA27 /* SystemConfiguration.framework */,
				0BF1BE8019A8E640000ABA27 /* StoreKit.framework */,
				0BF1BE7E19A8E639000ABA27 /* Security.framework */,
				0BF1BE7C19A8E632000ABA27 /* QuartzCore.framework */,
				0BF1BE7A19A8E62D000ABA27 /* MobileCoreServices.framework */,
				0BF1BE7819A8E626000ABA27 /* libz.dylib */,
				0BF1BE7619A8E621000ABA27 /* CFNetwork.framework */,
				0BF1BE7419A8E61C000ABA27 /* AudioToolbox.framework */,
				0BF1BE3F19A8E5FD000ABA27 /* Foundation.framework */,
				0BF1BE4119A8E5FD000ABA27 /* CoreGraphics.framework */,
				0BF1BE4319A8E5FD000ABA27 /* UIKit.framework */,
				0BF1BE5E19A8E5FE000ABA27 /* XCTest.framework */,
			);
			name = Frameworks;
			sourceTree = "<group>";
		};
		0BF1BE4519A8E5FE000ABA27 /* GreenDoor */ = {
			isa = PBXGroup;
			children = (
				4285943719A914C800F7C74F /* PDTSimpleCalendar */,
				0BF1BE4E19A8E5FE000ABA27 /* AppDelegate.h */,
				0BF1BE4F19A8E5FE000ABA27 /* AppDelegate.m */,
				0BF1BE5119A8E5FE000ABA27 /* Main.storyboard */,
				0BF0DCCF19A9453E00B2893A /* GraphViewController.h */,
				0BF0DCD019A9453E00B2893A /* GraphViewController.m */,
				0B626B1F19A92AC7006C81F9 /* EditReportViewController.h */,
				0B626B2019A92AC7006C81F9 /* EditReportViewController.m */,
				E486168C19A9032D008F08EC /* AddViewController.h */,
				E486168D19A9032D008F08EC /* AddViewController.m */,
				E486168919A8FE11008F08EC /* CalenderViewController.h */,
				E486168A19A8FE11008F08EC /* CalenderViewController.m */,
				E486168619A8FDBE008F08EC /* NewsFeedViewController.h */,
				E486168719A8FDBE008F08EC /* NewsFeedViewController.m */,
				0BF1BE5419A8E5FE000ABA27 /* ViewController.h */,
				0BF1BE5519A8E5FE000ABA27 /* ViewController.m */,
				0BB956E419A90ED1003478D0 /* LoginViewController.h */,
				0BB956E519A90ED1003478D0 /* LoginViewController.m */,
				0BB956E719A90EEE003478D0 /* SignupViewController.h */,
				0BB956E819A90EEE003478D0 /* SignupViewController.m */,
				0BF1BE5719A8E5FE000ABA27 /* Images.xcassets */,
				0BF1BE4619A8E5FE000ABA27 /* Supporting Files */,
				4285944519A9196600F7C74F /* TheCalendarViewController.h */,
				4285944619A9196600F7C74F /* TheCalendarViewController.m */,
				4285944819A93B3500F7C74F /* MapViewController.h */,
				4285944919A93B3500F7C74F /* MapViewController.m */,
				4285945019A9844500F7C74F /* CEPViewController.h */,
				4285945119A9844500F7C74F /* CEPViewController.m */,
				4285944B19A93B9600F7C74F /* BankViewController.h */,
				4285944C19A93B9600F7C74F /* BankViewController.m */,
			);
			path = GreenDoor;
			sourceTree = "<group>";
		};
		0BF1BE4619A8E5FE000ABA27 /* Supporting Files */ = {
			isa = PBXGroup;
			children = (
				0BF1BE4719A8E5FE000ABA27 /* GreenDoor-Info.plist */,
				0BF1BE4819A8E5FE000ABA27 /* InfoPlist.strings */,
				0BF1BE4B19A8E5FE000ABA27 /* main.m */,
				0BF1BE4D19A8E5FE000ABA27 /* GreenDoor-Prefix.pch */,
			);
			name = "Supporting Files";
			sourceTree = "<group>";
		};
		0BF1BE6419A8E5FE000ABA27 /* GreenDoorTests */ = {
			isa = PBXGroup;
			children = (
				0BF1BE6A19A8E5FE000ABA27 /* GreenDoorTests.m */,
				0BF1BE6519A8E5FE000ABA27 /* Supporting Files */,
			);
			path = GreenDoorTests;
			sourceTree = "<group>";
		};
		0BF1BE6519A8E5FE000ABA27 /* Supporting Files */ = {
			isa = PBXGroup;
			children = (
				0BF1BE6619A8E5FE000ABA27 /* GreenDoorTests-Info.plist */,
				0BF1BE6719A8E5FE000ABA27 /* InfoPlist.strings */,
			);
			name = "Supporting Files";
			sourceTree = "<group>";
		};
		4285943719A914C800F7C74F /* PDTSimpleCalendar */ = {
			isa = PBXGroup;
			children = (
				4285943819A914C800F7C74F /* PDTSimpleCalendar.h */,
				4285943919A914C800F7C74F /* PDTSimpleCalendarViewCell.h */,
				4285943A19A914C800F7C74F /* PDTSimpleCalendarViewCell.m */,
				4285943B19A914C800F7C74F /* PDTSimpleCalendarViewController.h */,
				4285943C19A914C800F7C74F /* PDTSimpleCalendarViewController.m */,
				4285943D19A914C800F7C74F /* PDTSimpleCalendarViewFlowLayout.h */,
				4285943E19A914C800F7C74F /* PDTSimpleCalendarViewFlowLayout.m */,
				4285943F19A914C800F7C74F /* PDTSimpleCalendarViewHeader.h */,
				4285944019A914C800F7C74F /* PDTSimpleCalendarViewHeader.m */,
			);
			path = PDTSimpleCalendar;
			sourceTree = "<group>";
		};
/* End PBXGroup section */

/* Begin PBXNativeTarget section */
		0BF1BE3B19A8E5FD000ABA27 /* GreenDoor */ = {
			isa = PBXNativeTarget;
			buildConfigurationList = 0BF1BE6E19A8E5FE000ABA27 /* Build configuration list for PBXNativeTarget "GreenDoor" */;
			buildPhases = (
				0BF1BE3819A8E5FD000ABA27 /* Sources */,
				0BF1BE3919A8E5FD000ABA27 /* Frameworks */,
				0BF1BE3A19A8E5FD000ABA27 /* Resources */,
			);
			buildRules = (
			);
			dependencies = (
			);
			name = GreenDoor;
			productName = GreenDoor;
			productReference = 0BF1BE3C19A8E5FD000ABA27 /* GreenDoor.app */;
			productType = "com.apple.product-type.application";
		};
		0BF1BE5C19A8E5FE000ABA27 /* GreenDoorTests */ = {
			isa = PBXNativeTarget;
			buildConfigurationList = 0BF1BE7119A8E5FE000ABA27 /* Build configuration list for PBXNativeTarget "GreenDoorTests" */;
			buildPhases = (
				0BF1BE5919A8E5FE000ABA27 /* Sources */,
				0BF1BE5A19A8E5FE000ABA27 /* Frameworks */,
				0BF1BE5B19A8E5FE000ABA27 /* Resources */,
			);
			buildRules = (
			);
			dependencies = (
				0BF1BE6319A8E5FE000ABA27 /* PBXTargetDependency */,
			);
			name = GreenDoorTests;
			productName = GreenDoorTests;
			productReference = 0BF1BE5D19A8E5FE000ABA27 /* GreenDoorTests.xctest */;
			productType = "com.apple.product-type.bundle.unit-test";
		};
/* End PBXNativeTarget section */

/* Begin PBXProject section */
		0BF1BE3419A8E5FD000ABA27 /* Project object */ = {
			isa = PBXProject;
			attributes = {
				LastUpgradeCheck = 0510;
				ORGANIZATIONNAME = "John Blanchard";
				TargetAttributes = {
					0BF1BE5C19A8E5FE000ABA27 = {
						TestTargetID = 0BF1BE3B19A8E5FD000ABA27;
					};
				};
			};
			buildConfigurationList = 0BF1BE3719A8E5FD000ABA27 /* Build configuration list for PBXProject "GreenDoor" */;
			compatibilityVersion = "Xcode 3.2";
			developmentRegion = English;
			hasScannedForEncodings = 0;
			knownRegions = (
				en,
				Base,
			);
			mainGroup = 0BF1BE3319A8E5FD000ABA27;
			productRefGroup = 0BF1BE3D19A8E5FD000ABA27 /* Products */;
			projectDirPath = "";
			projectRoot = "";
			targets = (
				0BF1BE3B19A8E5FD000ABA27 /* GreenDoor */,
				0BF1BE5C19A8E5FE000ABA27 /* GreenDoorTests */,
			);
		};
/* End PBXProject section */

/* Begin PBXResourcesBuildPhase section */
		0BF1BE3A19A8E5FD000ABA27 /* Resources */ = {
			isa = PBXResourcesBuildPhase;
			buildActionMask = 2147483647;
			files = (
				0BF1BE5819A8E5FE000ABA27 /* Images.xcassets in Resources */,
				0BF1BE4A19A8E5FE000ABA27 /* InfoPlist.strings in Resources */,
				0BF1BE5319A8E5FE000ABA27 /* Main.storyboard in Resources */,
			);
			runOnlyForDeploymentPostprocessing = 0;
		};
		0BF1BE5B19A8E5FE000ABA27 /* Resources */ = {
			isa = PBXResourcesBuildPhase;
			buildActionMask = 2147483647;
			files = (
				0BF1BE6919A8E5FE000ABA27 /* InfoPlist.strings in Resources */,
			);
			runOnlyForDeploymentPostprocessing = 0;
		};
/* End PBXResourcesBuildPhase section */

/* Begin PBXSourcesBuildPhase section */
		0BF1BE3819A8E5FD000ABA27 /* Sources */ = {
			isa = PBXSourcesBuildPhase;
			buildActionMask = 2147483647;
			files = (
				4285944419A914C800F7C74F /* PDTSimpleCalendarViewHeader.m in Sources */,
				E486168B19A8FE11008F08EC /* CalenderViewController.m in Sources */,
				0BF1BE5619A8E5FE000ABA27 /* ViewController.m in Sources */,
				4285944119A914C800F7C74F /* PDTSimpleCalendarViewCell.m in Sources */,
				E486168E19A9032D008F08EC /* AddViewController.m in Sources */,
				0BF1BE5019A8E5FE000ABA27 /* AppDelegate.m in Sources */,
				4285944219A914C800F7C74F /* PDTSimpleCalendarViewController.m in Sources */,
				4285944719A9196600F7C74F /* TheCalendarViewController.m in Sources */,
				4285944319A914C800F7C74F /* PDTSimpleCalendarViewFlowLayout.m in Sources */,
				0BB956E619A90ED1003478D0 /* LoginViewController.m in Sources */,
				0BF0DCD119A9453E00B2893A /* GraphViewController.m in Sources */,
				4285944D19A93B9600F7C74F /* BankViewController.m in Sources */,
				0B626B2119A92AC7006C81F9 /* EditReportViewController.m in Sources */,
				0BF1BE4C19A8E5FE000ABA27 /* main.m in Sources */,
				4285944A19A93B3500F7C74F /* MapViewController.m in Sources */,
				0BB956E919A90EEE003478D0 /* SignupViewController.m in Sources */,
				E486168819A8FDBE008F08EC /* NewsFeedViewController.m in Sources */,
				4285945219A9844500F7C74F /* CEPViewController.m in Sources */,
			);
			runOnlyForDeploymentPostprocessing = 0;
		};
		0BF1BE5919A8E5FE000ABA27 /* Sources */ = {
			isa = PBXSourcesBuildPhase;
			buildActionMask = 2147483647;
			files = (
				0BF1BE6B19A8E5FE000ABA27 /* GreenDoorTests.m in Sources */,
			);
			runOnlyForDeploymentPostprocessing = 0;
		};
/* End PBXSourcesBuildPhase section */

/* Begin PBXTargetDependency section */
		0BF1BE6319A8E5FE000ABA27 /* PBXTargetDependency */ = {
			isa = PBXTargetDependency;
			target = 0BF1BE3B19A8E5FD000ABA27 /* GreenDoor */;
			targetProxy = 0BF1BE6219A8E5FE000ABA27 /* PBXContainerItemProxy */;
		};
/* End PBXTargetDependency section */

/* Begin PBXVariantGroup section */
		0BF1BE4819A8E5FE000ABA27 /* InfoPlist.strings */ = {
			isa = PBXVariantGroup;
			children = (
				0BF1BE4919A8E5FE000ABA27 /* en */,
			);
			name = InfoPlist.strings;
			sourceTree = "<group>";
		};
		0BF1BE5119A8E5FE000ABA27 /* Main.storyboard */ = {
			isa = PBXVariantGroup;
			children = (
				0BF1BE5219A8E5FE000ABA27 /* Base */,
			);
			name = Main.storyboard;
			sourceTree = "<group>";
		};
		0BF1BE6719A8E5FE000ABA27 /* InfoPlist.strings */ = {
			isa = PBXVariantGroup;
			children = (
				0BF1BE6819A8E5FE000ABA27 /* en */,
			);
			name = InfoPlist.strings;
			sourceTree = "<group>";
		};
/* End PBXVariantGroup section */

/* Begin XCBuildConfiguration section */
		0BF1BE6C19A8E5FE000ABA27 /* Debug */ = {
			isa = XCBuildConfiguration;
			buildSettings = {
				ALWAYS_SEARCH_USER_PATHS = NO;
				CLANG_CXX_LANGUAGE_STANDARD = "gnu++0x";
				CLANG_CXX_LIBRARY = "libc++";
				CLANG_ENABLE_MODULES = YES;
				CLANG_ENABLE_OBJC_ARC = YES;
				CLANG_WARN_BOOL_CONVERSION = YES;
				CLANG_WARN_CONSTANT_CONVERSION = YES;
				CLANG_WARN_DIRECT_OBJC_ISA_USAGE = YES_ERROR;
				CLANG_WARN_EMPTY_BODY = YES;
				CLANG_WARN_ENUM_CONVERSION = YES;
				CLANG_WARN_INT_CONVERSION = YES;
				CLANG_WARN_OBJC_ROOT_CLASS = YES_ERROR;
				CLANG_WARN__DUPLICATE_METHOD_MATCH = YES;
				"CODE_SIGN_IDENTITY[sdk=iphoneos*]" = "iPhone Developer";
				COPY_PHASE_STRIP = NO;
				GCC_C_LANGUAGE_STANDARD = gnu99;
				GCC_DYNAMIC_NO_PIC = NO;
				GCC_OPTIMIZATION_LEVEL = 0;
				GCC_PREPROCESSOR_DEFINITIONS = (
					"DEBUG=1",
					"$(inherited)",
				);
				GCC_SYMBOLS_PRIVATE_EXTERN = NO;
				GCC_WARN_64_TO_32_BIT_CONVERSION = YES;
				GCC_WARN_ABOUT_RETURN_TYPE = YES_ERROR;
				GCC_WARN_UNDECLARED_SELECTOR = YES;
				GCC_WARN_UNINITIALIZED_AUTOS = YES_AGGRESSIVE;
				GCC_WARN_UNUSED_FUNCTION = YES;
				GCC_WARN_UNUSED_VARIABLE = YES;
				IPHONEOS_DEPLOYMENT_TARGET = 7.1;
				ONLY_ACTIVE_ARCH = YES;
				SDKROOT = iphoneos;
			};
			name = Debug;
		};
		0BF1BE6D19A8E5FE000ABA27 /* Release */ = {
			isa = XCBuildConfiguration;
			buildSettings = {
				ALWAYS_SEARCH_USER_PATHS = NO;
				CLANG_CXX_LANGUAGE_STANDARD = "gnu++0x";
				CLANG_CXX_LIBRARY = "libc++";
				CLANG_ENABLE_MODULES = YES;
				CLANG_ENABLE_OBJC_ARC = YES;
				CLANG_WARN_BOOL_CONVERSION = YES;
				CLANG_WARN_CONSTANT_CONVERSION = YES;
				CLANG_WARN_DIRECT_OBJC_ISA_USAGE = YES_ERROR;
				CLANG_WARN_EMPTY_BODY = YES;
				CLANG_WARN_ENUM_CONVERSION = YES;
				CLANG_WARN_INT_CONVERSION = YES;
				CLANG_WARN_OBJC_ROOT_CLASS = YES_ERROR;
				CLANG_WARN__DUPLICATE_METHOD_MATCH = YES;
				"CODE_SIGN_IDENTITY[sdk=iphoneos*]" = "iPhone Developer";
				COPY_PHASE_STRIP = YES;
				ENABLE_NS_ASSERTIONS = NO;
				GCC_C_LANGUAGE_STANDARD = gnu99;
				GCC_WARN_64_TO_32_BIT_CONVERSION = YES;
				GCC_WARN_ABOUT_RETURN_TYPE = YES_ERROR;
				GCC_WARN_UNDECLARED_SELECTOR = YES;
				GCC_WARN_UNINITIALIZED_AUTOS = YES_AGGRESSIVE;
				GCC_WARN_UNUSED_FUNCTION = YES;
				GCC_WARN_UNUSED_VARIABLE = YES;
				IPHONEOS_DEPLOYMENT_TARGET = 7.1;
				SDKROOT = iphoneos;
				VALIDATE_PRODUCT = YES;
			};
			name = Release;
		};
		0BF1BE6F19A8E5FE000ABA27 /* Debug */ = {
			isa = XCBuildConfiguration;
			buildSettings = {
				ASSETCATALOG_COMPILER_APPICON_NAME = AppIcon;
				ASSETCATALOG_COMPILER_LAUNCHIMAGE_NAME = LaunchImage;
				FRAMEWORK_SEARCH_PATHS = (
					"$(inherited)",
					"$(DEVELOPER_FRAMEWORKS_DIR)",
					"$(PROJECT_DIR)/GreenDoor",
					"$(PROJECT_DIR)",
					/Users/sblancha/Downloads/CorePlot_1.4/Binaries/MacOS,
				);
				GCC_PRECOMPILE_PREFIX_HEADER = YES;
				GCC_PREFIX_HEADER = "GreenDoor/GreenDoor-Prefix.pch";
				INFOPLIST_FILE = "GreenDoor/GreenDoor-Info.plist";
				PRODUCT_NAME = "$(TARGET_NAME)";
				WRAPPER_EXTENSION = app;
			};
			name = Debug;
		};
		0BF1BE7019A8E5FE000ABA27 /* Release */ = {
			isa = XCBuildConfiguration;
			buildSettings = {
				ASSETCATALOG_COMPILER_APPICON_NAME = AppIcon;
				ASSETCATALOG_COMPILER_LAUNCHIMAGE_NAME = LaunchImage;
				FRAMEWORK_SEARCH_PATHS = (
					"$(inherited)",
					"$(DEVELOPER_FRAMEWORKS_DIR)",
					"$(PROJECT_DIR)/GreenDoor",
					"$(PROJECT_DIR)",
					/Users/sblancha/Downloads/CorePlot_1.4/Binaries/MacOS,
				);
				GCC_PRECOMPILE_PREFIX_HEADER = YES;
				GCC_PREFIX_HEADER = "GreenDoor/GreenDoor-Prefix.pch";
				INFOPLIST_FILE = "GreenDoor/GreenDoor-Info.plist";
				PRODUCT_NAME = "$(TARGET_NAME)";
				WRAPPER_EXTENSION = app;
			};
			name = Release;
		};
		0BF1BE7219A8E5FE000ABA27 /* Debug */ = {
			isa = XCBuildConfiguration;
			buildSettings = {
				BUNDLE_LOADER = "$(BUILT_PRODUCTS_DIR)/GreenDoor.app/GreenDoor";
				FRAMEWORK_SEARCH_PATHS = (
					"$(SDKROOT)/Developer/Library/Frameworks",
					"$(inherited)",
					"$(DEVELOPER_FRAMEWORKS_DIR)",
				);
				GCC_PRECOMPILE_PREFIX_HEADER = YES;
				GCC_PREFIX_HEADER = "GreenDoor/GreenDoor-Prefix.pch";
				GCC_PREPROCESSOR_DEFINITIONS = (
					"DEBUG=1",
					"$(inherited)",
				);
				INFOPLIST_FILE = "GreenDoorTests/GreenDoorTests-Info.plist";
				PRODUCT_NAME = "$(TARGET_NAME)";
				TEST_HOST = "$(BUNDLE_LOADER)";
				WRAPPER_EXTENSION = xctest;
			};
			name = Debug;
		};
		0BF1BE7319A8E5FE000ABA27 /* Release */ = {
			isa = XCBuildConfiguration;
			buildSettings = {
				BUNDLE_LOADER = "$(BUILT_PRODUCTS_DIR)/GreenDoor.app/GreenDoor";
				FRAMEWORK_SEARCH_PATHS = (
					"$(SDKROOT)/Developer/Library/Frameworks",
					"$(inherited)",
					"$(DEVELOPER_FRAMEWORKS_DIR)",
				);
				GCC_PRECOMPILE_PREFIX_HEADER = YES;
				GCC_PREFIX_HEADER = "GreenDoor/GreenDoor-Prefix.pch";
				INFOPLIST_FILE = "GreenDoorTests/GreenDoorTests-Info.plist";
				PRODUCT_NAME = "$(TARGET_NAME)";
				TEST_HOST = "$(BUNDLE_LOADER)";
				WRAPPER_EXTENSION = xctest;
			};
			name = Release;
		};
/* End XCBuildConfiguration section */

/* Begin XCConfigurationList section */
		0BF1BE3719A8E5FD000ABA27 /* Build configuration list for PBXProject "GreenDoor" */ = {
			isa = XCConfigurationList;
			buildConfigurations = (
				0BF1BE6C19A8E5FE000ABA27 /* Debug */,
				0BF1BE6D19A8E5FE000ABA27 /* Release */,
			);
			defaultConfigurationIsVisible = 0;
			defaultConfigurationName = Release;
		};
		0BF1BE6E19A8E5FE000ABA27 /* Build configuration list for PBXNativeTarget "GreenDoor" */ = {
			isa = XCConfigurationList;
			buildConfigurations = (
				0BF1BE6F19A8E5FE000ABA27 /* Debug */,
				0BF1BE7019A8E5FE000ABA27 /* Release */,
			);
			defaultConfigurationIsVisible = 0;
			defaultConfigurationName = Release;
		};
		0BF1BE7119A8E5FE000ABA27 /* Build configuration list for PBXNativeTarget "GreenDoorTests" */ = {
			isa = XCConfigurationList;
			buildConfigurations = (
				0BF1BE7219A8E5FE000ABA27 /* Debug */,
				0BF1BE7319A8E5FE000ABA27 /* Release */,
			);
			defaultConfigurationIsVisible = 0;
			defaultConfigurationName = Release;
		};
/* End XCConfigurationList section */
	};
	rootObject = 0BF1BE3419A8E5FD000ABA27 /* Project object */;
}
